
Microsoft Visual Studio Solution File, Format Version 12.00
# Visual Studio Version 17
VisualStudioVersion = 17.14.36310.24 d17.14
MinimumVisualStudioVersion = 10.0.40219.1
Project("{FAE04EC0-301F-11D3-BF4B-00C04F79EFBC}") = "GetPictures", "GetPictures.csproj", "{1715D5C1-D550-02A6-85A8-F4354F825663}"
EndProject
Global
	GlobalSection(SolutionConfigurationPlatforms) = preSolution
		Debug|Any CPU = Debug|Any CPU
		Release|Any CPU = Release|Any CPU
	EndGlobalSection
	GlobalSection(ProjectConfigurationPlatforms) = postSolution
		{1715D5C1-D550-02A6-85A8-F4354F825663}.Debug|Any CPU.ActiveCfg = Debug|Any CPU
		{1715D5C1-D550-02A6-85A8-F4354F825663}.Debug|Any CPU.Build.0 = Debug|Any CPU
		{1715D5C1-D550-02A6-85A8-F4354F825663}.Release|Any CPU.ActiveCfg = Release|Any CPU
		{1715D5C1-D550-02A6-85A8-F4354F825663}.Release|Any CPU.Build.0 = Release|Any CPU
	EndGlobalSection
	GlobalSection(SolutionProperties) = preSolution
		HideSolutionNode = FALSE
	EndGlobalSection
	GlobalSection(ExtensibilityGlobals) = postSolution
		SolutionGuid = {0E8EDBAD-93B8-4F4C-9DDA-710D4DF5FF80}
	EndGlobalSection
EndGlobal
